
Microsoft Visual Studio Solution File, Format Version 12.00
# Visual Studio Version 17
VisualStudioVersion = 17.0.31903.59
MinimumVisualStudioVersion = 10.0.40219.1
Project("{FAE04EC0-301F-11D3-BF4B-00C04F79EFBC}") = "shop.client.api", "shop.client.api\shop.client.api.csproj", "{FC51947E-D060-4F95-A0F9-B011D30766D2}"
EndProject
Project("{FAE04EC0-301F-11D3-BF4B-00C04F79EFBC}") = "shop.data", "shop.data\shop.data.csproj", "{82374C1B-A568-4D80-9B56-51646AA20964}"
EndProject
Project("{FAE04EC0-301F-11D3-BF4B-00C04F79EFBC}") = "shop.management.api", "shop.management.api\shop.management.api.csproj", "{5B60FD25-79B6-44E4-9668-48A0735E2BA6}"
EndProject
Global
	GlobalSection(SolutionConfigurationPlatforms) = preSolution
		Debug|Any CPU = Debug|Any CPU
		Release|Any CPU = Release|Any CPU
	EndGlobalSection
	GlobalSection(SolutionProperties) = preSolution
		HideSolutionNode = FALSE
	EndGlobalSection
	GlobalSection(ProjectConfigurationPlatforms) = postSolution
		{FC51947E-D060-4F95-A0F9-B011D30766D2}.Debug|Any CPU.ActiveCfg = Debug|Any CPU
		{FC51947E-D060-4F95-A0F9-B011D30766D2}.Debug|Any CPU.Build.0 = Debug|Any CPU
		{FC51947E-D060-4F95-A0F9-B011D30766D2}.Release|Any CPU.ActiveCfg = Release|Any CPU
		{FC51947E-D060-4F95-A0F9-B011D30766D2}.Release|Any CPU.Build.0 = Release|Any CPU
		{82374C1B-A568-4D80-9B56-51646AA20964}.Debug|Any CPU.ActiveCfg = Debug|Any CPU
		{82374C1B-A568-4D80-9B56-51646AA20964}.Debug|Any CPU.Build.0 = Debug|Any CPU
		{82374C1B-A568-4D80-9B56-51646AA20964}.Release|Any CPU.ActiveCfg = Release|Any CPU
		{82374C1B-A568-4D80-9B56-51646AA20964}.Release|Any CPU.Build.0 = Release|Any CPU
		{5B60FD25-79B6-44E4-9668-48A0735E2BA6}.Debug|Any CPU.ActiveCfg = Debug|Any CPU
		{5B60FD25-79B6-44E4-9668-48A0735E2BA6}.Debug|Any CPU.Build.0 = Debug|Any CPU
		{5B60FD25-79B6-44E4-9668-48A0735E2BA6}.Release|Any CPU.ActiveCfg = Release|Any CPU
		{5B60FD25-79B6-44E4-9668-48A0735E2BA6}.Release|Any CPU.Build.0 = Release|Any CPU
	EndGlobalSection
EndGlobal
